// !$*UTF8*$!
{
	archiveVersion = 1;
	classes = {
	};
	objectVersion = 46;
	objects = {

/* Begin PBXBuildFile section */
		4CA732CA1D1D524600C93163 /* main.m in Sources */ = {isa = PBXBuildFile; fileRef = 4CA732C91D1D524600C93163 /* main.m */; };
		4CA732CD1D1D524600C93163 /* AppDelegate.m in Sources */ = {isa = PBXBuildFile; fileRef = 4CA732CC1D1D524600C93163 /* AppDelegate.m */; };
		4CA732D01D1D524600C93163 /* ViewController.m in Sources */ = {isa = PBXBuildFile; fileRef = 4CA732CF1D1D524600C93163 /* ViewController.m */; };
		4CA732D31D1D524600C93163 /* Main.storyboard in Resources */ = {isa = PBXBuildFile; fileRef = 4CA732D11D1D524600C93163 /* Main.storyboard */; };
		4CA732D51D1D524600C93163 /* Assets.xcassets in Resources */ = {isa = PBXBuildFile; fileRef = 4CA732D41D1D524600C93163 /* Assets.xcassets */; };
		4CA732D81D1D524600C93163 /* LaunchScreen.storyboard in Resources */ = {isa = PBXBuildFile; fileRef = 4CA732D61D1D524600C93163 /* LaunchScreen.storyboard */; };
/* End PBXBuildFile section */

/* Begin PBXFileReference section */
		4CA732C51D1D524600C93163 /* FlickerSimpleClient.app */ = {isa = PBXFileReference; explicitFileType = wrapper.application; includeInIndex = 0; path = FlickerSimpleClient.app; sourceTree = BUILT_PRODUCTS_DIR; };
		4CA732C91D1D524600C93163 /* main.m */ = {isa = PBXFileReference; lastKnownFileType = sourcecode.c.objc; path = main.m; sourceTree = "<group>"; };
		4CA732CB1D1D524600C93163 /* AppDelegate.h */ = {isa = PBXFileReference; lastKnownFileType = sourcecode.c.h; path = AppDelegate.h; sourceTree = "<group>"; };
		4CA732CC1D1D524600C93163 /* AppDelegate.m */ = {isa = PBXFileReference; lastKnownFileType = sourcecode.c.objc; path = AppDelegate.m; sourceTree = "<group>"; };
		4CA732CE1D1D524600C93163 /* ViewController.h */ = {isa = PBXFileReference; lastKnownFileType = sourcecode.c.h; path = ViewController.h; sourceTree = "<group>"; };
		4CA732CF1D1D524600C93163 /* ViewController.m */ = {isa = PBXFileReference; lastKnownFileType = sourcecode.c.objc; path = ViewController.m; sourceTree = "<group>"; };
		4CA732D21D1D524600C93163 /* Base */ = {isa = PBXFileReference; lastKnownFileType = file.storyboard; name = Base; path = Base.lproj/Main.storyboard; sourceTree = "<group>"; };
		4CA732D41D1D524600C93163 /* Assets.xcassets */ = {isa = PBXFileReference; lastKnownFileType = folder.assetcatalog; path = Assets.xcassets; sourceTree = "<group>"; };
		4CA732D71D1D524600C93163 /* Base */ = {isa = PBXFileReference; lastKnownFileType = file.storyboard; name = Base; path = Base.lproj/LaunchScreen.storyboard; sourceTree = "<group>"; };
		4CA732D91D1D524600C93163 /* Info.plist */ = {isa = PBXFileReference; lastKnownFileType = text.plist.xml; path = Info.plist; sourceTree = "<group>"; };
/* End PBXFileReference section */

/* Begin PBXFrameworksBuildPhase section */
		4CA732C21D1D524600C93163 /* Frameworks */ = {
			isa = PBXFrameworksBuildPhase;
			buildActionMask = 2147483647;
			files = (
			);
			runOnlyForDeploymentPostprocessing = 0;
		};
/* End PBXFrameworksBuildPhase section */

/* Begin PBXGroup section */
		4CA732BC1D1D524600C93163 = {
			isa = PBXGroup;
			children = (
				4CA732C71D1D524600C93163 /* FlickerSimpleClient */,
				4CA732C61D1D524600C93163 /* Products */,
			);
			sourceTree = "<group>";
		};
		4CA732C61D1D524600C93163 /* Products */ = {
			isa = PBXGroup;
			children = (
				4CA732C51D1D524600C93163 /* FlickerSimpleClient.app */,
			);
			name = Products;
			sourceTree = "<group>";
		};
		4CA732C71D1D524600C93163 /* FlickerSimpleClient */ = {
			isa = PBXGroup;
			children = (
				4CA732CB1D1D524600C93163 /* AppDelegate.h */,
				4CA732CC1D1D524600C93163 /* AppDelegate.m */,
				4CA732CE1D1D524600C93163 /* ViewController.h */,
				4CA732CF1D1D524600C93163 /* ViewController.m */,
				4CA732D11D1D524600C93163 /* Main.storyboard */,
				4CA732D41D1D524600C93163 /* Assets.xcassets */,
				4CA732D61D1D524600C93163 /* LaunchScreen.storyboard */,
				4CA732D91D1D524600C93163 /* Info.plist */,
				4CA732C81D1D524600C93163 /* Supporting Files */,
			);
			path = FlickerSimpleClient;
			sourceTree = "<group>";
		};
		4CA732C81D1D524600C93163 /* Supporting Files */ = {
			isa = PBXGroup;
			children = (
				4CA732C91D1D524600C93163 /* main.m */,
			);
			name = "Supporting Files";
			sourceTree = "<group>";
		};
/* End PBXGroup section */

/* Begin PBXNativeTarget section */
		4CA732C41D1D524600C93163 /* FlickerSimpleClient */ = {
			isa = PBXNativeTarget;
			buildConfigurationList = 4CA732DC1D1D524600C93163 /* Build configuration list for PBXNativeTarget "FlickerSimpleClient" */;
			buildPhases = (
				4CA732C11D1D524600C93163 /* Sources */,
				4CA732C21D1D524600C93163 /* Frameworks */,
				4CA732C31D1D524600C93163 /* Resources */,
			);
			buildRules = (
			);
			dependencies = (
			);
			name = FlickerSimpleClient;
			productName = FlickerSimpleClient;
			productReference = 4CA732C51D1D524600C93163 /* FlickerSimpleClient.app */;
			productType = "com.apple.product-type.application";
		};
/* End PBXNativeTarget section */

/* Begin PBXProject section */
		4CA732BD1D1D524600C93163 /* Project object */ = {
			isa = PBXProject;
			attributes = {
				LastUpgradeCheck = 0730;
				ORGANIZATIONNAME = umutafacan;
				TargetAttributes = {
					4CA732C41D1D524600C93163 = {
						CreatedOnToolsVersion = 7.3;
					};
				};
			};
			buildConfigurationList = 4CA732C01D1D524600C93163 /* Build configuration list for PBXProject "FlickerSimpleClient" */;
			compatibilityVersion = "Xcode 3.2";
			developmentRegion = English;
			hasScannedForEncodings = 0;
			knownRegions = (
				en,
				Base,
			);
			mainGroup = 4CA732BC1D1D524600C93163;
			productRefGroup = 4CA732C61D1D524600C93163 /* Products */;
			projectDirPath = "";
			projectRoot = "";
			targets = (
				4CA732C41D1D524600C93163 /* FlickerSimpleClient */,
			);
		};
/* End PBXProject section */

/* Begin PBXResourcesBuildPhase section */
		4CA732C31D1D524600C93163 /* Resources */ = {
			isa = PBXResourcesBuildPhase;
			buildActionMask = 2147483647;
			files = (
				4CA732D81D1D524600C93163 /* LaunchScreen.storyboard in Resources */,
				4CA732D51D1D524600C93163 /* Assets.xcassets in Resources */,
				4CA732D31D1D524600C93163 /* Main.storyboard in Resources */,
			);
			runOnlyForDeploymentPostprocessing = 0;
		};
/* End PBXResourcesBuildPhase section */

/* Begin PBXSourcesBuildPhase section */
		4CA732C11D1D524600C93163 /* Sources */ = {
			isa = PBXSourcesBuildPhase;
			buildActionMask = 2147483647;
			files = (
				4CA732D01D1D524600C93163 /* ViewController.m in Sources */,
				4CA732CD1D1D524600C93163 /* AppDelegate.m in Sources */,
				4CA732CA1D1D524600C93163 /* main.m in Sources */,
			);
			runOnlyForDeploymentPostprocessing = 0;
		};
/* End PBXSourcesBuildPhase section */

/* Begin PBXVariantGroup section */
		4CA732D11D1D524600C93163 /* Main.storyboard */ = {
			isa = PBXVariantGroup;
			children = (
				4CA732D21D1D524600C93163 /* Base */,
			);
			name = Main.storyboard;
			sourceTree = "<group>";
		};
		4CA732D61D1D524600C93163 /* LaunchScreen.storyboard */ = {
			isa = PBXVariantGroup;
			children = (
				4CA732D71D1D524600C93163 /* Base */,
			);
			name = LaunchScreen.storyboard;
			sourceTree = "<group>";
		};
/* End PBXVariantGroup section */

/* Begin XCBuildConfiguration section */
		4CA732DA1D1D524600C93163 /* Debug */ = {
			isa = XCBuildConfiguration;
			buildSettings = {
				ALWAYS_SEARCH_USER_PATHS = NO;
				CLANG_ANALYZER_NONNULL = YES;
				CLANG_CXX_LANGUAGE_STANDARD = "gnu++0x";
				CLANG_CXX_LIBRARY = "libc++";
				CLANG_ENABLE_MODULES = YES;
				CLANG_ENABLE_OBJC_ARC = YES;
				CLANG_WARN_BOOL_CONVERSION = YES;
				CLANG_WARN_CONSTANT_CONVERSION = YES;
				CLANG_WARN_DIRECT_OBJC_ISA_USAGE = YES_ERROR;
				CLANG_WARN_EMPTY_BODY = YES;
				CLANG_WARN_ENUM_CONVERSION = YES;
				CLANG_WARN_INT_CONVERSION = YES;
				CLANG_WARN_OBJC_ROOT_CLASS = YES_ERROR;
				CLANG_WARN_UNREACHABLE_CODE = YES;
				CLANG_WARN__DUPLICATE_METHOD_MATCH = YES;
				"CODE_SIGN_IDENTITY[sdk=iphoneos*]" = "iPhone Developer";
				COPY_PHASE_STRIP = NO;
				DEBUG_INFORMATION_FORMAT = dwarf;
				ENABLE_STRICT_OBJC_MSGSEND = YES;
				ENABLE_TESTABILITY = YES;
				GCC_C_LANGUAGE_STANDARD = gnu99;
				GCC_DYNAMIC_NO_PIC = NO;
				GCC_NO_COMMON_BLOCKS = YES;
				GCC_OPTIMIZATION_LEVEL = 0;
				GCC_PREPROCESSOR_DEFINITIONS = (
					"DEBUG=1",
					"$(inherited)",
				);
				GCC_WARN_64_TO_32_BIT_CONVERSION = YES;
				GCC_WARN_ABOUT_RETURN_TYPE = YES_ERROR;
				GCC_WARN_UNDECLARED_SELECTOR = YES;
				GCC_WARN_UNINITIALIZED_AUTOS = YES_AGGRESSIVE;
				GCC_WARN_UNUSED_FUNCTION = YES;
				GCC_WARN_UNUSED_VARIABLE = YES;
				IPHONEOS_DEPLOYMENT_TARGET = 9.3;
				MTL_ENABLE_DEBUG_INFO = YES;
				ONLY_ACTIVE_ARCH = YES;
				SDKROOT = iphoneos;
			};
			name = Debug;
		};
		4CA732DB1D1D524600C93163 /* Release */ = {
			isa = XCBuildConfiguration;
			buildSettings = {
				ALWAYS_SEARCH_USER_PATHS = NO;
				CLANG_ANALYZER_NONNULL = YES;
				CLANG_CXX_LANGUAGE_STANDARD = "gnu++0x";
				CLANG_CXX_LIBRARY = "libc++";
				CLANG_ENABLE_MODULES = YES;
				CLANG_ENABLE_OBJC_ARC = YES;
				CLANG_WARN_BOOL_CONVERSION = YES;
				CLANG_WARN_CONSTANT_CONVERSION = YES;
				CLANG_WARN_DIRECT_OBJC_ISA_USAGE = YES_ERROR;
				CLANG_WARN_EMPTY_BODY = YES;
				CLANG_WARN_ENUM_CONVERSION = YES;
				CLANG_WARN_INT_CONVERSION = YES;
				CLANG_WARN_OBJC_ROOT_CLASS = YES_ERROR;
				CLANG_WARN_UNREACHABLE_CODE = YES;
				CLANG_WARN__DUPLICATE_METHOD_MATCH = YES;
				"CODE_SIGN_IDENTITY[sdk=iphoneos*]" = "iPhone Developer";
				COPY_PHASE_STRIP = NO;
				DEBUG_INFORMATION_FORMAT = "dwarf-with-dsym";
				ENABLE_NS_ASSERTIONS = NO;
				ENABLE_STRICT_OBJC_MSGSEND = YES;
				GCC_C_LANGUAGE_STANDARD = gnu99;
				GCC_NO_COMMON_BLOCKS = YES;
				GCC_WARN_64_TO_32_BIT_CONVERSION = YES;
				GCC_WARN_ABOUT_RETURN_TYPE = YES_ERROR;
				GCC_WARN_UNDECLARED_SELECTOR = YES;
				GCC_WARN_UNINITIALIZED_AUTOS = YES_AGGRESSIVE;
				GCC_WARN_UNUSED_FUNCTION = YES;
				GCC_WARN_UNUSED_VARIABLE = YES;
				IPHONEOS_DEPLOYMENT_TARGET = 9.3;
				MTL_ENABLE_DEBUG_INFO = NO;
				SDKROOT = iphoneos;
				VALIDATE_PRODUCT = YES;
			};
			name = Release;
		};
		4CA732DD1D1D524600C93163 /* Debug */ = {
			isa = XCBuildConfiguration;
			buildSettings = {
				ASSETCATALOG_COMPILER_APPICON_NAME = AppIcon;
				INFOPLIST_FILE = FlickerSimpleClient/Info.plist;
				LD_RUNPATH_SEARCH_PATHS = "$(inherited) @executable_path/Frameworks";
				PRODUCT_BUNDLE_IDENTIFIER = com.happyhours.FlickerSimpleClient;
				PRODUCT_NAME = "$(TARGET_NAME)";
			};
			name = Debug;
		};
		4CA732DE1D1D524600C93163 /* Release */ = {
			isa = XCBuildConfiguration;
			buildSettings = {
				ASSETCATALOG_COMPILER_APPICON_NAME = AppIcon;
				INFOPLIST_FILE = FlickerSimpleClient/Info.plist;
				LD_RUNPATH_SEARCH_PATHS = "$(inherited) @executable_path/Frameworks";
				PRODUCT_BUNDLE_IDENTIFIER = com.happyhours.FlickerSimpleClient;
				PRODUCT_NAME = "$(TARGET_NAME)";
			};
			name = Release;
		};
/* End XCBuildConfiguration section */

/* Begin XCConfigurationList section */
		4CA732C01D1D524600C93163 /* Build configuration list for PBXProject "FlickerSimpleClient" */ = {
			isa = XCConfigurationList;
			buildConfigurations = (
				4CA732DA1D1D524600C93163 /* Debug */,
				4CA732DB1D1D524600C93163 /* Release */,
			);
			defaultConfigurationIsVisible = 0;
			defaultConfigurationName = Release;
		};
		4CA732DC1D1D524600C93163 /* Build configuration list for PBXNativeTarget "FlickerSimpleClient" */ = {
			isa = XCConfigurationList;
			buildConfigurations = (
				4CA732DD1D1D524600C93163 /* Debug */,
				4CA732DE1D1D524600C93163 /* Release */,
			);
			defaultConfigurationIsVisible = 0;
		};
/* End XCConfigurationList section */
	};
	rootObject = 4CA732BD1D1D524600C93163 /* Project object */;
}
